
Microsoft Visual Studio Solution File, Format Version 12.00
# Visual Studio 14
VisualStudioVersion = 14.0.25420.1
MinimumVisualStudioVersion = 10.0.40219.1
Project("{FAE04EC0-301F-11D3-BF4B-00C04F79EFBC}") = "WebQLMamNon", "WebQLMamNon\WebQLMamNon.csproj", "{1F656CB4-210D-4B30-A9FB-3BA35D802DDB}"
EndProject
Project("{FAE04EC0-301F-11D3-BF4B-00C04F79EFBC}") = "WebQLMamNon.Tests", "WebQLMamNon.Tests\WebQLMamNon.Tests.csproj", "{5D087B55-4DFB-4DDF-A8C1-BEEC7B8D5438}"
EndProject
Global
	GlobalSection(SolutionConfigurationPlatforms) = preSolution
		Debug|Any CPU = Debug|Any CPU
		Release|Any CPU = Release|Any CPU
	EndGlobalSection
	GlobalSection(ProjectConfigurationPlatforms) = postSolution
		{1F656CB4-210D-4B30-A9FB-3BA35D802DDB}.Debug|Any CPU.ActiveCfg = Debug|Any CPU
		{1F656CB4-210D-4B30-A9FB-3BA35D802DDB}.Debug|Any CPU.Build.0 = Debug|Any CPU
		{1F656CB4-210D-4B30-A9FB-3BA35D802DDB}.Release|Any CPU.ActiveCfg = Release|Any CPU
		{1F656CB4-210D-4B30-A9FB-3BA35D802DDB}.Release|Any CPU.Build.0 = Release|Any CPU
		{5D087B55-4DFB-4DDF-A8C1-BEEC7B8D5438}.Debug|Any CPU.ActiveCfg = Debug|Any CPU
		{5D087B55-4DFB-4DDF-A8C1-BEEC7B8D5438}.Debug|Any CPU.Build.0 = Debug|Any CPU
		{5D087B55-4DFB-4DDF-A8C1-BEEC7B8D5438}.Release|Any CPU.ActiveCfg = Release|Any CPU
		{5D087B55-4DFB-4DDF-A8C1-BEEC7B8D5438}.Release|Any CPU.Build.0 = Release|Any CPU
	EndGlobalSection
	GlobalSection(SolutionProperties) = preSolution
		HideSolutionNode = FALSE
	EndGlobalSection
EndGlobal
